
Microsoft Visual Studio Solution File, Format Version 12.00
# Visual Studio Version 17
VisualStudioVersion = 17.2.32210.308
MinimumVisualStudioVersion = 10.0.40219.1
Project("{FAE04EC0-301F-11D3-BF4B-00C04F79EFBC}") = "FaultlessExecutionSample", "FaultlessExecutionSample\FaultlessExecutionSample.csproj", "{151AB78F-07AB-482A-9397-AD1C28B2A580}"
EndProject
Global
	GlobalSection(SolutionConfigurationPlatforms) = preSolution
		Debug|Any CPU = Debug|Any CPU
		Release|Any CPU = Release|Any CPU
	EndGlobalSection
	GlobalSection(ProjectConfigurationPlatforms) = postSolution
		{151AB78F-07AB-482A-9397-AD1C28B2A580}.Debug|Any CPU.ActiveCfg = Debug|Any CPU
		{151AB78F-07AB-482A-9397-AD1C28B2A580}.Debug|Any CPU.Build.0 = Debug|Any CPU
		{151AB78F-07AB-482A-9397-AD1C28B2A580}.Release|Any CPU.ActiveCfg = Release|Any CPU
		{151AB78F-07AB-482A-9397-AD1C28B2A580}.Release|Any CPU.Build.0 = Release|Any CPU
	EndGlobalSection
	GlobalSection(SolutionProperties) = preSolution
		HideSolutionNode = FALSE
	EndGlobalSection
	GlobalSection(ExtensibilityGlobals) = postSolution
		SolutionGuid = {A3D78CB9-FB18-4A80-87E1-2E4E8657490A}
	EndGlobalSection
EndGlobal
